// !$*UTF8*$!
{
	archiveVersion = 1;
	classes = {
	};
	objectVersion = 56;
	objects = {

/* Begin PBXBuildFile section */
		3D2D8CF92B91B28F0028BE07 /* ZLTreeView.swift in Sources */ = {isa = PBXBuildFile; fileRef = 3D2D8CF82B91B28F0028BE07 /* ZLTreeView.swift */; };
		3D8686A82B8DE1FA00C28048 /* ZListModelManager.swift in Sources */ = {isa = PBXBuildFile; fileRef = 3D8686A72B8DE1FA00C28048 /* ZListModelManager.swift */; };
		3D8686AA2B8DE38000C28048 /* model.text in Resources */ = {isa = PBXBuildFile; fileRef = 3D8686A92B8DE38000C28048 /* model.text */; };
		3D8686AC2B8EC6CD00C28048 /* ZLTableViewController.swift in Sources */ = {isa = PBXBuildFile; fileRef = 3D8686AB2B8EC6CD00C28048 /* ZLTableViewController.swift */; };
		3DC5B0312B9073540033C9DA /* ZLTreeViewController.swift in Sources */ = {isa = PBXBuildFile; fileRef = 3DC5B0302B9073540033C9DA /* ZLTreeViewController.swift */; };
		3DD756592B43FE8900C816DA /* AppDelegate.swift in Sources */ = {isa = PBXBuildFile; fileRef = 3DD756582B43FE8900C816DA /* AppDelegate.swift */; };
		3DD7565B2B43FE8900C816DA /* SceneDelegate.swift in Sources */ = {isa = PBXBuildFile; fileRef = 3DD7565A2B43FE8900C816DA /* SceneDelegate.swift */; };
		3DD7565D2B43FE8900C816DA /* ViewController.swift in Sources */ = {isa = PBXBuildFile; fileRef = 3DD7565C2B43FE8900C816DA /* ViewController.swift */; };
		3DD756602B43FE8900C816DA /* Main.storyboard in Resources */ = {isa = PBXBuildFile; fileRef = 3DD7565E2B43FE8900C816DA /* Main.storyboard */; };
		3DD756622B43FE8B00C816DA /* Assets.xcassets in Resources */ = {isa = PBXBuildFile; fileRef = 3DD756612B43FE8B00C816DA /* Assets.xcassets */; };
		3DD756652B43FE8B00C816DA /* LaunchScreen.storyboard in Resources */ = {isa = PBXBuildFile; fileRef = 3DD756632B43FE8B00C816DA /* LaunchScreen.storyboard */; };
		3DDDD4372B905818008BA391 /* ZlTableViewTreeCell.swift in Sources */ = {isa = PBXBuildFile; fileRef = 3DDDD4362B905818008BA391 /* ZlTableViewTreeCell.swift */; };
		BC5B14B504CF74E7F41821FC /* Pods_ListView.framework in Frameworks */ = {isa = PBXBuildFile; fileRef = 92CF9B7104CDE88B59FC323A /* Pods_ListView.framework */; };
/* End PBXBuildFile section */

/* Begin PBXFileReference section */
		06AA4D71DEE7307F268FB5DF /* Pods-ListView.release.xcconfig */ = {isa = PBXFileReference; includeInIndex = 1; lastKnownFileType = text.xcconfig; name = "Pods-ListView.release.xcconfig"; path = "Target Support Files/Pods-ListView/Pods-ListView.release.xcconfig"; sourceTree = "<group>"; };
		3D2D8CF82B91B28F0028BE07 /* ZLTreeView.swift */ = {isa = PBXFileReference; lastKnownFileType = sourcecode.swift; path = ZLTreeView.swift; sourceTree = "<group>"; };
		3D8686A72B8DE1FA00C28048 /* ZListModelManager.swift */ = {isa = PBXFileReference; lastKnownFileType = sourcecode.swift; path = ZListModelManager.swift; sourceTree = "<group>"; };
		3D8686A92B8DE38000C28048 /* model.text */ = {isa = PBXFileReference; lastKnownFileType = net.daringfireball.markdown; path = model.text; sourceTree = "<group>"; };
		3D8686AB2B8EC6CD00C28048 /* ZLTableViewController.swift */ = {isa = PBXFileReference; lastKnownFileType = sourcecode.swift; path = ZLTableViewController.swift; sourceTree = "<group>"; };
		3DC5B0302B9073540033C9DA /* ZLTreeViewController.swift */ = {isa = PBXFileReference; lastKnownFileType = sourcecode.swift; path = ZLTreeViewController.swift; sourceTree = "<group>"; };
		3DD756552B43FE8900C816DA /* ListView.app */ = {isa = PBXFileReference; explicitFileType = wrapper.application; includeInIndex = 0; path = ListView.app; sourceTree = BUILT_PRODUCTS_DIR; };
		3DD756582B43FE8900C816DA /* AppDelegate.swift */ = {isa = PBXFileReference; lastKnownFileType = sourcecode.swift; path = AppDelegate.swift; sourceTree = "<group>"; };
		3DD7565A2B43FE8900C816DA /* SceneDelegate.swift */ = {isa = PBXFileReference; lastKnownFileType = sourcecode.swift; path = SceneDelegate.swift; sourceTree = "<group>"; };
		3DD7565C2B43FE8900C816DA /* ViewController.swift */ = {isa = PBXFileReference; lastKnownFileType = sourcecode.swift; path = ViewController.swift; sourceTree = "<group>"; };
		3DD7565F2B43FE8900C816DA /* Base */ = {isa = PBXFileReference; lastKnownFileType = file.storyboard; name = Base; path = Base.lproj/Main.storyboard; sourceTree = "<group>"; };
		3DD756612B43FE8B00C816DA /* Assets.xcassets */ = {isa = PBXFileReference; lastKnownFileType = folder.assetcatalog; path = Assets.xcassets; sourceTree = "<group>"; };
		3DD756642B43FE8B00C816DA /* Base */ = {isa = PBXFileReference; lastKnownFileType = file.storyboard; name = Base; path = Base.lproj/LaunchScreen.storyboard; sourceTree = "<group>"; };
		3DD756662B43FE8B00C816DA /* Info.plist */ = {isa = PBXFileReference; lastKnownFileType = text.plist.xml; path = Info.plist; sourceTree = "<group>"; };
		3DDDD4362B905818008BA391 /* ZlTableViewTreeCell.swift */ = {isa = PBXFileReference; lastKnownFileType = sourcecode.swift; path = ZlTableViewTreeCell.swift; sourceTree = "<group>"; };
		6E26549A92E5839F757D9784 /* Pods-ListView.debug.xcconfig */ = {isa = PBXFileReference; includeInIndex = 1; lastKnownFileType = text.xcconfig; name = "Pods-ListView.debug.xcconfig"; path = "Target Support Files/Pods-ListView/Pods-ListView.debug.xcconfig"; sourceTree = "<group>"; };
		92CF9B7104CDE88B59FC323A /* Pods_ListView.framework */ = {isa = PBXFileReference; explicitFileType = wrapper.framework; includeInIndex = 0; path = Pods_ListView.framework; sourceTree = BUILT_PRODUCTS_DIR; };
/* End PBXFileReference section */

/* Begin PBXFrameworksBuildPhase section */
		3DD756522B43FE8900C816DA /* Frameworks */ = {
			isa = PBXFrameworksBuildPhase;
			buildActionMask = 2147483647;
			files = (
				BC5B14B504CF74E7F41821FC /* Pods_ListView.framework in Frameworks */,
			);
			runOnlyForDeploymentPostprocessing = 0;
		};
/* End PBXFrameworksBuildPhase section */

/* Begin PBXGroup section */
		3DD7564C2B43FE8900C816DA = {
			isa = PBXGroup;
			children = (
				3DD756572B43FE8900C816DA /* ListView */,
				3DD756562B43FE8900C816DA /* Products */,
				A07D71BEA6782F2ABCC589E4 /* Pods */,
				D5D01BCB54CE63260B3B58CE /* Frameworks */,
			);
			sourceTree = "<group>";
		};
		3DD756562B43FE8900C816DA /* Products */ = {
			isa = PBXGroup;
			children = (
				3DD756552B43FE8900C816DA /* ListView.app */,
			);
			name = Products;
			sourceTree = "<group>";
		};
		3DD756572B43FE8900C816DA /* ListView */ = {
			isa = PBXGroup;
			children = (
				3DD756582B43FE8900C816DA /* AppDelegate.swift */,
				3DD7565A2B43FE8900C816DA /* SceneDelegate.swift */,
				3DD7565C2B43FE8900C816DA /* ViewController.swift */,
				3D8686A72B8DE1FA00C28048 /* ZListModelManager.swift */,
				3D8686AB2B8EC6CD00C28048 /* ZLTableViewController.swift */,
				3DC5B0302B9073540033C9DA /* ZLTreeViewController.swift */,
				3D2D8CF82B91B28F0028BE07 /* ZLTreeView.swift */,
				3DDDD4362B905818008BA391 /* ZlTableViewTreeCell.swift */,
				3D8686A92B8DE38000C28048 /* model.text */,
				3DD7565E2B43FE8900C816DA /* Main.storyboard */,
				3DD756612B43FE8B00C816DA /* Assets.xcassets */,
				3DD756632B43FE8B00C816DA /* LaunchScreen.storyboard */,
				3DD756662B43FE8B00C816DA /* Info.plist */,
			);
			path = ListView;
			sourceTree = "<group>";
		};
		A07D71BEA6782F2ABCC589E4 /* Pods */ = {
			isa = PBXGroup;
			children = (
				6E26549A92E5839F757D9784 /* Pods-ListView.debug.xcconfig */,
				06AA4D71DEE7307F268FB5DF /* Pods-ListView.release.xcconfig */,
			);
			path = Pods;
			sourceTree = "<group>";
		};
		D5D01BCB54CE63260B3B58CE /* Frameworks */ = {
			isa = PBXGroup;
			children = (
				92CF9B7104CDE88B59FC323A /* Pods_ListView.framework */,
			);
			name = Frameworks;
			sourceTree = "<group>";
		};
/* End PBXGroup section */

/* Begin PBXNativeTarget section */
		3DD756542B43FE8900C816DA /* ListView */ = {
			isa = PBXNativeTarget;
			buildConfigurationList = 3DD756692B43FE8B00C816DA /* Build configuration list for PBXNativeTarget "ListView" */;
			buildPhases = (
				69B4DE7677FC020756A4E954 /* [CP] Check Pods Manifest.lock */,
				3DD756512B43FE8900C816DA /* Sources */,
				3DD756522B43FE8900C816DA /* Frameworks */,
				3DD756532B43FE8900C816DA /* Resources */,
				840322859017A35772272588 /* [CP] Embed Pods Frameworks */,
			);
			buildRules = (
			);
			dependencies = (
			);
			name = ListView;
			productName = ListView;
			productReference = 3DD756552B43FE8900C816DA /* ListView.app */;
			productType = "com.apple.product-type.application";
		};
/* End PBXNativeTarget section */

/* Begin PBXProject section */
		3DD7564D2B43FE8900C816DA /* Project object */ = {
			isa = PBXProject;
			attributes = {
				BuildIndependentTargetsInParallel = 1;
				LastSwiftUpdateCheck = 1500;
				LastUpgradeCheck = 1500;
				TargetAttributes = {
					3DD756542B43FE8900C816DA = {
						CreatedOnToolsVersion = 15.0.1;
					};
				};
			};
			buildConfigurationList = 3DD756502B43FE8900C816DA /* Build configuration list for PBXProject "ListView" */;
			compatibilityVersion = "Xcode 14.0";
			developmentRegion = en;
			hasScannedForEncodings = 0;
			knownRegions = (
				en,
				Base,
			);
			mainGroup = 3DD7564C2B43FE8900C816DA;
			productRefGroup = 3DD756562B43FE8900C816DA /* Products */;
			projectDirPath = "";
			projectRoot = "";
			targets = (
				3DD756542B43FE8900C816DA /* ListView */,
			);
		};
/* End PBXProject section */

/* Begin PBXResourcesBuildPhase section */
		3DD756532B43FE8900C816DA /* Resources */ = {
			isa = PBXResourcesBuildPhase;
			buildActionMask = 2147483647;
			files = (
				3DD756652B43FE8B00C816DA /* LaunchScreen.storyboard in Resources */,
				3DD756622B43FE8B00C816DA /* Assets.xcassets in Resources */,
				3D8686AA2B8DE38000C28048 /* model.text in Resources */,
				3DD756602B43FE8900C816DA /* Main.storyboard in Resources */,
			);
			runOnlyForDeploymentPostprocessing = 0;
		};
/* End PBXResourcesBuildPhase section */

/* Begin PBXShellScriptBuildPhase section */
		69B4DE7677FC020756A4E954 /* [CP] Check Pods Manifest.lock */ = {
			isa = PBXShellScriptBuildPhase;
			buildActionMask = 2147483647;
			files = (
			);
			inputFileListPaths = (
			);
			inputPaths = (
				"${PODS_PODFILE_DIR_PATH}/Podfile.lock",
				"${PODS_ROOT}/Manifest.lock",
			);
			name = "[CP] Check Pods Manifest.lock";
			outputFileListPaths = (
			);
			outputPaths = (
				"$(DERIVED_FILE_DIR)/Pods-ListView-checkManifestLockResult.txt",
			);
			runOnlyForDeploymentPostprocessing = 0;
			shellPath = /bin/sh;
			shellScript = "diff \"${PODS_PODFILE_DIR_PATH}/Podfile.lock\" \"${PODS_ROOT}/Manifest.lock\" > /dev/null\nif [ $? != 0 ] ; then\n    # print error to STDERR\n    echo \"error: The sandbox is not in sync with the Podfile.lock. Run 'pod install' or update your CocoaPods installation.\" >&2\n    exit 1\nfi\n# This output is used by Xcode 'outputs' to avoid re-running this script phase.\necho \"SUCCESS\" > \"${SCRIPT_OUTPUT_FILE_0}\"\n";
			showEnvVarsInLog = 0;
		};
		840322859017A35772272588 /* [CP] Embed Pods Frameworks */ = {
			isa = PBXShellScriptBuildPhase;
			buildActionMask = 2147483647;
			files = (
			);
			inputFileListPaths = (
				"${PODS_ROOT}/Target Support Files/Pods-ListView/Pods-ListView-frameworks-${CONFIGURATION}-input-files.xcfilelist",
			);
			name = "[CP] Embed Pods Frameworks";
			outputFileListPaths = (
				"${PODS_ROOT}/Target Support Files/Pods-ListView/Pods-ListView-frameworks-${CONFIGURATION}-output-files.xcfilelist",
			);
			runOnlyForDeploymentPostprocessing = 0;
			shellPath = /bin/sh;
			shellScript = "\"${PODS_ROOT}/Target Support Files/Pods-ListView/Pods-ListView-frameworks.sh\"\n";
			showEnvVarsInLog = 0;
		};
/* End PBXShellScriptBuildPhase section */

/* Begin PBXSourcesBuildPhase section */
		3DD756512B43FE8900C816DA /* Sources */ = {
			isa = PBXSourcesBuildPhase;
			buildActionMask = 2147483647;
			files = (
				3DC5B0312B9073540033C9DA /* ZLTreeViewController.swift in Sources */,
				3D8686A82B8DE1FA00C28048 /* ZListModelManager.swift in Sources */,
				3DD7565D2B43FE8900C816DA /* ViewController.swift in Sources */,
				3DD756592B43FE8900C816DA /* AppDelegate.swift in Sources */,
				3D2D8CF92B91B28F0028BE07 /* ZLTreeView.swift in Sources */,
				3DDDD4372B905818008BA391 /* ZlTableViewTreeCell.swift in Sources */,
				3D8686AC2B8EC6CD00C28048 /* ZLTableViewController.swift in Sources */,
				3DD7565B2B43FE8900C816DA /* SceneDelegate.swift in Sources */,
			);
			runOnlyForDeploymentPostprocessing = 0;
		};
/* End PBXSourcesBuildPhase section */

/* Begin PBXVariantGroup section */
		3DD7565E2B43FE8900C816DA /* Main.storyboard */ = {
			isa = PBXVariantGroup;
			children = (
				3DD7565F2B43FE8900C816DA /* Base */,
			);
			name = Main.storyboard;
			sourceTree = "<group>";
		};
		3DD756632B43FE8B00C816DA /* LaunchScreen.storyboard */ = {
			isa = PBXVariantGroup;
			children = (
				3DD756642B43FE8B00C816DA /* Base */,
			);
			name = LaunchScreen.storyboard;
			sourceTree = "<group>";
		};
/* End PBXVariantGroup section */

/* Begin XCBuildConfiguration section */
		3DD756672B43FE8B00C816DA /* Debug */ = {
			isa = XCBuildConfiguration;
			buildSettings = {
				ALWAYS_SEARCH_USER_PATHS = NO;
				ASSETCATALOG_COMPILER_GENERATE_SWIFT_ASSET_SYMBOL_EXTENSIONS = YES;
				CLANG_ANALYZER_NONNULL = YES;
				CLANG_ANALYZER_NUMBER_OBJECT_CONVERSION = YES_AGGRESSIVE;
				CLANG_CXX_LANGUAGE_STANDARD = "gnu++20";
				CLANG_ENABLE_MODULES = YES;
				CLANG_ENABLE_OBJC_ARC = YES;
				CLANG_ENABLE_OBJC_WEAK = YES;
				CLANG_WARN_BLOCK_CAPTURE_AUTORELEASING = YES;
				CLANG_WARN_BOOL_CONVERSION = YES;
				CLANG_WARN_COMMA = YES;
				CLANG_WARN_CONSTANT_CONVERSION = YES;
				CLANG_WARN_DEPRECATED_OBJC_IMPLEMENTATIONS = YES;
				CLANG_WARN_DIRECT_OBJC_ISA_USAGE = YES_ERROR;
				CLANG_WARN_DOCUMENTATION_COMMENTS = YES;
				CLANG_WARN_EMPTY_BODY = YES;
				CLANG_WARN_ENUM_CONVERSION = YES;
				CLANG_WARN_INFINITE_RECURSION = YES;
				CLANG_WARN_INT_CONVERSION = YES;
				CLANG_WARN_NON_LITERAL_NULL_CONVERSION = YES;
				CLANG_WARN_OBJC_IMPLICIT_RETAIN_SELF = YES;
				CLANG_WARN_OBJC_LITERAL_CONVERSION = YES;
				CLANG_WARN_OBJC_ROOT_CLASS = YES_ERROR;
				CLANG_WARN_QUOTED_INCLUDE_IN_FRAMEWORK_HEADER = YES;
				CLANG_WARN_RANGE_LOOP_ANALYSIS = YES;
				CLANG_WARN_STRICT_PROTOTYPES = YES;
				CLANG_WARN_SUSPICIOUS_MOVE = YES;
				CLANG_WARN_UNGUARDED_AVAILABILITY = YES_AGGRESSIVE;
				CLANG_WARN_UNREACHABLE_CODE = YES;
				CLANG_WARN__DUPLICATE_METHOD_MATCH = YES;
				COPY_PHASE_STRIP = NO;
				DEBUG_INFORMATION_FORMAT = dwarf;
				ENABLE_STRICT_OBJC_MSGSEND = YES;
				ENABLE_TESTABILITY = YES;
				ENABLE_USER_SCRIPT_SANDBOXING = YES;
				GCC_C_LANGUAGE_STANDARD = gnu17;
				GCC_DYNAMIC_NO_PIC = NO;
				GCC_NO_COMMON_BLOCKS = YES;
				GCC_OPTIMIZATION_LEVEL = 0;
				GCC_PREPROCESSOR_DEFINITIONS = (
					"DEBUG=1",
					"$(inherited)",
				);
				GCC_WARN_64_TO_32_BIT_CONVERSION = YES;
				GCC_WARN_ABOUT_RETURN_TYPE = YES_ERROR;
				GCC_WARN_UNDECLARED_SELECTOR = YES;
				GCC_WARN_UNINITIALIZED_AUTOS = YES_AGGRESSIVE;
				GCC_WARN_UNUSED_FUNCTION = YES;
				GCC_WARN_UNUSED_VARIABLE = YES;
				IPHONEOS_DEPLOYMENT_TARGET = 17.0;
				LOCALIZATION_PREFERS_STRING_CATALOGS = YES;
				MTL_ENABLE_DEBUG_INFO = INCLUDE_SOURCE;
				MTL_FAST_MATH = YES;
				ONLY_ACTIVE_ARCH = YES;
				SDKROOT = iphoneos;
				SWIFT_ACTIVE_COMPILATION_CONDITIONS = "DEBUG $(inherited)";
				SWIFT_OPTIMIZATION_LEVEL = "-Onone";
			};
			name = Debug;
		};
		3DD756682B43FE8B00C816DA /* Release */ = {
			isa = XCBuildConfiguration;
			buildSettings = {
				ALWAYS_SEARCH_USER_PATHS = NO;
				ASSETCATALOG_COMPILER_GENERATE_SWIFT_ASSET_SYMBOL_EXTENSIONS = YES;
				CLANG_ANALYZER_NONNULL = YES;
				CLANG_ANALYZER_NUMBER_OBJECT_CONVERSION = YES_AGGRESSIVE;
				CLANG_CXX_LANGUAGE_STANDARD = "gnu++20";
				CLANG_ENABLE_MODULES = YES;
				CLANG_ENABLE_OBJC_ARC = YES;
				CLANG_ENABLE_OBJC_WEAK = YES;
				CLANG_WARN_BLOCK_CAPTURE_AUTORELEASING = YES;
				CLANG_WARN_BOOL_CONVERSION = YES;
				CLANG_WARN_COMMA = YES;
				CLANG_WARN_CONSTANT_CONVERSION = YES;
				CLANG_WARN_DEPRECATED_OBJC_IMPLEMENTATIONS = YES;
				CLANG_WARN_DIRECT_OBJC_ISA_USAGE = YES_ERROR;
				CLANG_WARN_DOCUMENTATION_COMMENTS = YES;
				CLANG_WARN_EMPTY_BODY = YES;
				CLANG_WARN_ENUM_CONVERSION = YES;
				CLANG_WARN_INFINITE_RECURSION = YES;
				CLANG_WARN_INT_CONVERSION = YES;
				CLANG_WARN_NON_LITERAL_NULL_CONVERSION = YES;
				CLANG_WARN_OBJC_IMPLICIT_RETAIN_SELF = YES;
				CLANG_WARN_OBJC_LITERAL_CONVERSION = YES;
				CLANG_WARN_OBJC_ROOT_CLASS = YES_ERROR;
				CLANG_WARN_QUOTED_INCLUDE_IN_FRAMEWORK_HEADER = YES;
				CLANG_WARN_RANGE_LOOP_ANALYSIS = YES;
				CLANG_WARN_STRICT_PROTOTYPES = YES;
				CLANG_WARN_SUSPICIOUS_MOVE = YES;
				CLANG_WARN_UNGUARDED_AVAILABILITY = YES_AGGRESSIVE;
				CLANG_WARN_UNREACHABLE_CODE = YES;
				CLANG_WARN__DUPLICATE_METHOD_MATCH = YES;
				COPY_PHASE_STRIP = NO;
				DEBUG_INFORMATION_FORMAT = "dwarf-with-dsym";
				ENABLE_NS_ASSERTIONS = NO;
				ENABLE_STRICT_OBJC_MSGSEND = YES;
				ENABLE_USER_SCRIPT_SANDBOXING = YES;
				GCC_C_LANGUAGE_STANDARD = gnu17;
				GCC_NO_COMMON_BLOCKS = YES;
				GCC_WARN_64_TO_32_BIT_CONVERSION = YES;
				GCC_WARN_ABOUT_RETURN_TYPE = YES_ERROR;
				GCC_WARN_UNDECLARED_SELECTOR = YES;
				GCC_WARN_UNINITIALIZED_AUTOS = YES_AGGRESSIVE;
				GCC_WARN_UNUSED_FUNCTION = YES;
				GCC_WARN_UNUSED_VARIABLE = YES;
				IPHONEOS_DEPLOYMENT_TARGET = 17.0;
				LOCALIZATION_PREFERS_STRING_CATALOGS = YES;
				MTL_ENABLE_DEBUG_INFO = NO;
				MTL_FAST_MATH = YES;
				SDKROOT = iphoneos;
				SWIFT_COMPILATION_MODE = wholemodule;
				VALIDATE_PRODUCT = YES;
			};
			name = Release;
		};
		3DD7566A2B43FE8B00C816DA /* Debug */ = {
			isa = XCBuildConfiguration;
			baseConfigurationReference = 6E26549A92E5839F757D9784 /* Pods-ListView.debug.xcconfig */;
			buildSettings = {
				ASSETCATALOG_COMPILER_APPICON_NAME = AppIcon;
				ASSETCATALOG_COMPILER_GLOBAL_ACCENT_COLOR_NAME = AccentColor;
				CODE_SIGN_STYLE = Automatic;
				CURRENT_PROJECT_VERSION = 1;
				DEVELOPMENT_TEAM = GQJ3FJJMM4;
				ENABLE_USER_SCRIPT_SANDBOXING = NO;
				GENERATE_INFOPLIST_FILE = YES;
				INFOPLIST_FILE = ListView/Info.plist;
				INFOPLIST_KEY_UIApplicationSupportsIndirectInputEvents = YES;
				INFOPLIST_KEY_UILaunchStoryboardName = LaunchScreen;
				INFOPLIST_KEY_UIMainStoryboardFile = Main;
				INFOPLIST_KEY_UISupportedInterfaceOrientations_iPad = "UIInterfaceOrientationPortrait UIInterfaceOrientationPortraitUpsideDown UIInterfaceOrientationLandscapeLeft UIInterfaceOrientationLandscapeRight";
				INFOPLIST_KEY_UISupportedInterfaceOrientations_iPhone = "UIInterfaceOrientationPortrait UIInterfaceOrientationLandscapeLeft UIInterfaceOrientationLandscapeRight";
				IPHONEOS_DEPLOYMENT_TARGET = 13.0;
				LD_RUNPATH_SEARCH_PATHS = (
					"$(inherited)",
					"@executable_path/Frameworks",
				);
				MARKETING_VERSION = 1.0;
				PRODUCT_BUNDLE_IDENTIFIER = zcz.ListView;
				PRODUCT_NAME = "$(TARGET_NAME)";
				SWIFT_EMIT_LOC_STRINGS = YES;
				SWIFT_VERSION = 5.0;
				TARGETED_DEVICE_FAMILY = "1,2";
			};
			name = Debug;
		};
		3DD7566B2B43FE8B00C816DA /* Release */ = {
			isa = XCBuildConfiguration;
			baseConfigurationReference = 06AA4D71DEE7307F268FB5DF /* Pods-ListView.release.xcconfig */;
			buildSettings = {
				ASSETCATALOG_COMPILER_APPICON_NAME = AppIcon;
				ASSETCATALOG_COMPILER_GLOBAL_ACCENT_COLOR_NAME = AccentColor;
				CODE_SIGN_STYLE = Automatic;
				CURRENT_PROJECT_VERSION = 1;
				DEVELOPMENT_TEAM = GQJ3FJJMM4;
				ENABLE_USER_SCRIPT_SANDBOXING = NO;
				GENERATE_INFOPLIST_FILE = YES;
				INFOPLIST_FILE = ListView/Info.plist;
				INFOPLIST_KEY_UIApplicationSupportsIndirectInputEvents = YES;
				INFOPLIST_KEY_UILaunchStoryboardName = LaunchScreen;
				INFOPLIST_KEY_UIMainStoryboardFile = Main;
				INFOPLIST_KEY_UISupportedInterfaceOrientations_iPad = "UIInterfaceOrientationPortrait UIInterfaceOrientationPortraitUpsideDown UIInterfaceOrientationLandscapeLeft UIInterfaceOrientationLandscapeRight";
				INFOPLIST_KEY_UISupportedInterfaceOrientations_iPhone = "UIInterfaceOrientationPortrait UIInterfaceOrientationLandscapeLeft UIInterfaceOrientationLandscapeRight";
				IPHONEOS_DEPLOYMENT_TARGET = 13.0;
				LD_RUNPATH_SEARCH_PATHS = (
					"$(inherited)",
					"@executable_path/Frameworks",
				);
				MARKETING_VERSION = 1.0;
				PRODUCT_BUNDLE_IDENTIFIER = zcz.ListView;
				PRODUCT_NAME = "$(TARGET_NAME)";
				SWIFT_EMIT_LOC_STRINGS = YES;
				SWIFT_VERSION = 5.0;
				TARGETED_DEVICE_FAMILY = "1,2";
			};
			name = Release;
		};
/* End XCBuildConfiguration section */

/* Begin XCConfigurationList section */
		3DD756502B43FE8900C816DA /* Build configuration list for PBXProject "ListView" */ = {
			isa = XCConfigurationList;
			buildConfigurations = (
				3DD756672B43FE8B00C816DA /* Debug */,
				3DD756682B43FE8B00C816DA /* Release */,
			);
			defaultConfigurationIsVisible = 0;
			defaultConfigurationName = Release;
		};
		3DD756692B43FE8B00C816DA /* Build configuration list for PBXNativeTarget "ListView" */ = {
			isa = XCConfigurationList;
			buildConfigurations = (
				3DD7566A2B43FE8B00C816DA /* Debug */,
				3DD7566B2B43FE8B00C816DA /* Release */,
			);
			defaultConfigurationIsVisible = 0;
			defaultConfigurationName = Release;
		};
/* End XCConfigurationList section */
	};
	rootObject = 3DD7564D2B43FE8900C816DA /* Project object */;
}
